
Microsoft Visual Studio Solution File, Format Version 12.00
# Visual Studio 14
VisualStudioVersion = 14.0.24720.0
MinimumVisualStudioVersion = 10.0.40219.1
Project("{FAE04EC0-301F-11D3-BF4B-00C04F79EFBC}") = "GraphViz.Console", "GraphViz.Console\GraphViz.Console.csproj", "{B7F54863-7E18-4111-BCA7-3931F8CE8401}"
EndProject
Project("{FAE04EC0-301F-11D3-BF4B-00C04F79EFBC}") = "GraphViz.Web", "GraphViz.Web\GraphViz.Web.csproj", "{B2E08599-BE34-4113-962C-93CE0B72B85D}"
EndProject
Project("{FAE04EC0-301F-11D3-BF4B-00C04F79EFBC}") = "GraphViz.Core", "GraphViz.Core\GraphViz.Core.csproj", "{E5C955EC-BB93-4372-868C-A97DB29B9E5E}"
EndProject
Project("{FAE04EC0-301F-11D3-BF4B-00C04F79EFBC}") = "GraphViz.Data", "GraphViz.Data\GraphViz.Data.csproj", "{453EEFF2-FA45-4A7D-BD2E-A9F3B2F68946}"
EndProject
Project("{FAE04EC0-301F-11D3-BF4B-00C04F79EFBC}") = "GraphViz.Core.Tests", "GraphViz.Core.Tests\GraphViz.Core.Tests.csproj", "{A802616D-0F43-4722-9207-105BECB571C2}"
EndProject
Project("{2150E333-8FDC-42A3-9474-1A3956D46DE8}") = "Solution Items", "Solution Items", "{D62C85FE-C1D6-4755-A844-4313B0B788EC}"
	ProjectSection(SolutionItems) = preProject
		GraphViz.Database\Database.dacpac = GraphViz.Database\Database.dacpac
		GraphViz.Database\Database.sql = GraphViz.Database\Database.sql
	EndProjectSection
EndProject
Global
	GlobalSection(SolutionConfigurationPlatforms) = preSolution
		Debug|Any CPU = Debug|Any CPU
		Release|Any CPU = Release|Any CPU
	EndGlobalSection
	GlobalSection(ProjectConfigurationPlatforms) = postSolution
		{B7F54863-7E18-4111-BCA7-3931F8CE8401}.Debug|Any CPU.ActiveCfg = Debug|Any CPU
		{B7F54863-7E18-4111-BCA7-3931F8CE8401}.Debug|Any CPU.Build.0 = Debug|Any CPU
		{B7F54863-7E18-4111-BCA7-3931F8CE8401}.Release|Any CPU.ActiveCfg = Release|Any CPU
		{B7F54863-7E18-4111-BCA7-3931F8CE8401}.Release|Any CPU.Build.0 = Release|Any CPU
		{B2E08599-BE34-4113-962C-93CE0B72B85D}.Debug|Any CPU.ActiveCfg = Debug|Any CPU
		{B2E08599-BE34-4113-962C-93CE0B72B85D}.Debug|Any CPU.Build.0 = Debug|Any CPU
		{B2E08599-BE34-4113-962C-93CE0B72B85D}.Release|Any CPU.ActiveCfg = Release|Any CPU
		{B2E08599-BE34-4113-962C-93CE0B72B85D}.Release|Any CPU.Build.0 = Release|Any CPU
		{E5C955EC-BB93-4372-868C-A97DB29B9E5E}.Debug|Any CPU.ActiveCfg = Debug|Any CPU
		{E5C955EC-BB93-4372-868C-A97DB29B9E5E}.Debug|Any CPU.Build.0 = Debug|Any CPU
		{E5C955EC-BB93-4372-868C-A97DB29B9E5E}.Release|Any CPU.ActiveCfg = Release|Any CPU
		{E5C955EC-BB93-4372-868C-A97DB29B9E5E}.Release|Any CPU.Build.0 = Release|Any CPU
		{453EEFF2-FA45-4A7D-BD2E-A9F3B2F68946}.Debug|Any CPU.ActiveCfg = Debug|Any CPU
		{453EEFF2-FA45-4A7D-BD2E-A9F3B2F68946}.Debug|Any CPU.Build.0 = Debug|Any CPU
		{453EEFF2-FA45-4A7D-BD2E-A9F3B2F68946}.Release|Any CPU.ActiveCfg = Release|Any CPU
		{453EEFF2-FA45-4A7D-BD2E-A9F3B2F68946}.Release|Any CPU.Build.0 = Release|Any CPU
		{A802616D-0F43-4722-9207-105BECB571C2}.Debug|Any CPU.ActiveCfg = Debug|Any CPU
		{A802616D-0F43-4722-9207-105BECB571C2}.Debug|Any CPU.Build.0 = Debug|Any CPU
		{A802616D-0F43-4722-9207-105BECB571C2}.Release|Any CPU.ActiveCfg = Release|Any CPU
		{A802616D-0F43-4722-9207-105BECB571C2}.Release|Any CPU.Build.0 = Release|Any CPU
	EndGlobalSection
	GlobalSection(SolutionProperties) = preSolution
		HideSolutionNode = FALSE
	EndGlobalSection
EndGlobal
